
Microsoft Visual Studio Solution File, Format Version 12.00
# Visual Studio 15
VisualStudioVersion = 15.0.27130.2024
MinimumVisualStudioVersion = 10.0.40219.1
Project("{FAE04EC0-301F-11D3-BF4B-00C04F79EFBC}") = "DesignPattern", "DesignPattern\DesignPattern.csproj", "{83D8575D-6185-41CA-A6A7-E10173E18483}"
EndProject
Global
	GlobalSection(SolutionConfigurationPlatforms) = preSolution
		Debug|Any CPU = Debug|Any CPU
		Release|Any CPU = Release|Any CPU
	EndGlobalSection
	GlobalSection(ProjectConfigurationPlatforms) = postSolution
		{83D8575D-6185-41CA-A6A7-E10173E18483}.Debug|Any CPU.ActiveCfg = Debug|Any CPU
		{83D8575D-6185-41CA-A6A7-E10173E18483}.Debug|Any CPU.Build.0 = Debug|Any CPU
		{83D8575D-6185-41CA-A6A7-E10173E18483}.Release|Any CPU.ActiveCfg = Release|Any CPU
		{83D8575D-6185-41CA-A6A7-E10173E18483}.Release|Any CPU.Build.0 = Release|Any CPU
	EndGlobalSection
	GlobalSection(SolutionProperties) = preSolution
		HideSolutionNode = FALSE
	EndGlobalSection
	GlobalSection(ExtensibilityGlobals) = postSolution
		SolutionGuid = {A4D1D42C-713A-43B6-A95C-E163222B40A9}
	EndGlobalSection
EndGlobal
